{
  "name": "perception",
  "requires": true,
  "lockfileVersion": 1,
  "dependencies": {
    "object-assign": {
      "version": "4.1.1",
      "resolved": "https://registry.npmjs.org/object-assign/-/object-assign-4.1.1.tgz",
      "integrity": "sha1-IQmtx5ZYh8/AXLvUQsrIv7s2CGM="
    },
    "react-drawable-canvas": {
      "version": "1.1.1",
      "resolved": "https://registry.npmjs.org/react-drawable-canvas/-/react-drawable-canvas-1.1.1.tgz",
      "integrity": "sha512-7pDkemlQCuxyyHUIN3MhJNLOcSbhxzGJtWn+7EnripHsA5s+OH01iyGzehpNW+vNsiDjoMmaKi8GQNA6X1oqIA==",
      "requires": {
        "object-assign": "4.1.1"
      }
    }
  }
}
